// !$*UTF8*$!
{
	archiveVersion = 1;
	classes = {
	};
	objectVersion = 56;
	objects = {

/* Begin PBXBuildFile section */
		7E37D3992B93789F0005236C /* LaunchScreen.storyboard in Resources */ = {isa = PBXBuildFile; fileRef = 7E37D3982B93789F0005236C /* LaunchScreen.storyboard */; };
		7E90D3852B906210004F0337 /* FormView.swift in Sources */ = {isa = PBXBuildFile; fileRef = 7E90D3842B906210004F0337 /* FormView.swift */; };
		7E90D3872B9065F5004F0337 /* NumbersOnlyViewModifier.swift in Sources */ = {isa = PBXBuildFile; fileRef = 7E90D3862B9065F5004F0337 /* NumbersOnlyViewModifier.swift */; };
		7EA0532F2B8E129800E08319 /* NabungYukAppApp.swift in Sources */ = {isa = PBXBuildFile; fileRef = 7EA0532E2B8E129800E08319 /* NabungYukAppApp.swift */; };
		7EA053312B8E129800E08319 /* ContentView.swift in Sources */ = {isa = PBXBuildFile; fileRef = 7EA053302B8E129800E08319 /* ContentView.swift */; };
		7EA053332B8E129A00E08319 /* Assets.xcassets in Resources */ = {isa = PBXBuildFile; fileRef = 7EA053322B8E129A00E08319 /* Assets.xcassets */; };
		7EA053362B8E129A00E08319 /* Preview Assets.xcassets in Resources */ = {isa = PBXBuildFile; fileRef = 7EA053352B8E129A00E08319 /* Preview Assets.xcassets */; };
		7EA053402B8E129A00E08319 /* NabungYukAppTests.swift in Sources */ = {isa = PBXBuildFile; fileRef = 7EA0533F2B8E129A00E08319 /* NabungYukAppTests.swift */; };
		7EA0534A2B8E129A00E08319 /* NabungYukAppUITests.swift in Sources */ = {isa = PBXBuildFile; fileRef = 7EA053492B8E129A00E08319 /* NabungYukAppUITests.swift */; };
		7EA0534C2B8E129A00E08319 /* NabungYukAppUITestsLaunchTests.swift in Sources */ = {isa = PBXBuildFile; fileRef = 7EA0534B2B8E129A00E08319 /* NabungYukAppUITestsLaunchTests.swift */; };
		7EA0535B2B8E12E200E08319 /* OnboardingSingleView.swift in Sources */ = {isa = PBXBuildFile; fileRef = 7EA0535A2B8E12E100E08319 /* OnboardingSingleView.swift */; };
		7EAD219D2B8E1FD000368DEA /* Onboarding.swift in Sources */ = {isa = PBXBuildFile; fileRef = 7EAD219C2B8E1FD000368DEA /* Onboarding.swift */; };
		7EAD219F2B8E258300368DEA /* OnboardingView.swift in Sources */ = {isa = PBXBuildFile; fileRef = 7EAD219E2B8E258300368DEA /* OnboardingView.swift */; };
		7EAD21A22B8E29B000368DEA /* CustomDotIndicator.swift in Sources */ = {isa = PBXBuildFile; fileRef = 7EAD21A12B8E29B000368DEA /* CustomDotIndicator.swift */; };
		7ECBB95C2B94B65400ACE007 /* SavingDetailViews.swift in Sources */ = {isa = PBXBuildFile; fileRef = 7ECBB95B2B94B65400ACE007 /* SavingDetailViews.swift */; };
		7ECBB95E2B94BDA700ACE007 /* CircularProgressView.swift in Sources */ = {isa = PBXBuildFile; fileRef = 7ECBB95D2B94BDA700ACE007 /* CircularProgressView.swift */; };
		7EDF59F32B9444A9002470C8 /* ModalDialog.swift in Sources */ = {isa = PBXBuildFile; fileRef = 7EDF59F22B9444A9002470C8 /* ModalDialog.swift */; };
		7EF21C0C2B8EF90800609E44 /* SavingView.swift in Sources */ = {isa = PBXBuildFile; fileRef = 7EF21C0B2B8EF90800609E44 /* SavingView.swift */; };
		7EF21C0E2B8EFDC800609E44 /* SavingGoal.swift in Sources */ = {isa = PBXBuildFile; fileRef = 7EF21C0D2B8EFDC800609E44 /* SavingGoal.swift */; };
		7EF21C102B8F02CE00609E44 /* SavingCard.swift in Sources */ = {isa = PBXBuildFile; fileRef = 7EF21C0F2B8F02CE00609E44 /* SavingCard.swift */; };
/* End PBXBuildFile section */

/* Begin PBXContainerItemProxy section */
		7EA0533C2B8E129A00E08319 /* PBXContainerItemProxy */ = {
			isa = PBXContainerItemProxy;
			containerPortal = 7EA053232B8E129800E08319 /* Project object */;
			proxyType = 1;
			remoteGlobalIDString = 7EA0532A2B8E129800E08319;
			remoteInfo = NabungYukApp;
		};
		7EA053462B8E129A00E08319 /* PBXContainerItemProxy */ = {
			isa = PBXContainerItemProxy;
			containerPortal = 7EA053232B8E129800E08319 /* Project object */;
			proxyType = 1;
			remoteGlobalIDString = 7EA0532A2B8E129800E08319;
			remoteInfo = NabungYukApp;
		};
/* End PBXContainerItemProxy section */

/* Begin PBXFileReference section */
		7E37D3982B93789F0005236C /* LaunchScreen.storyboard */ = {isa = PBXFileReference; lastKnownFileType = file.storyboard; path = LaunchScreen.storyboard; sourceTree = "<group>"; };
		7E90D3842B906210004F0337 /* FormView.swift */ = {isa = PBXFileReference; lastKnownFileType = sourcecode.swift; path = FormView.swift; sourceTree = "<group>"; };
		7E90D3862B9065F5004F0337 /* NumbersOnlyViewModifier.swift */ = {isa = PBXFileReference; lastKnownFileType = sourcecode.swift; path = NumbersOnlyViewModifier.swift; sourceTree = "<group>"; };
		7EA0532B2B8E129800E08319 /* NabungYukApp.app */ = {isa = PBXFileReference; explicitFileType = wrapper.application; includeInIndex = 0; path = NabungYukApp.app; sourceTree = BUILT_PRODUCTS_DIR; };
		7EA0532E2B8E129800E08319 /* NabungYukAppApp.swift */ = {isa = PBXFileReference; lastKnownFileType = sourcecode.swift; path = NabungYukAppApp.swift; sourceTree = "<group>"; };
		7EA053302B8E129800E08319 /* ContentView.swift */ = {isa = PBXFileReference; lastKnownFileType = sourcecode.swift; path = ContentView.swift; sourceTree = "<group>"; };
		7EA053322B8E129A00E08319 /* Assets.xcassets */ = {isa = PBXFileReference; lastKnownFileType = folder.assetcatalog; path = Assets.xcassets; sourceTree = "<group>"; };
		7EA053352B8E129A00E08319 /* Preview Assets.xcassets */ = {isa = PBXFileReference; lastKnownFileType = folder.assetcatalog; path = "Preview Assets.xcassets"; sourceTree = "<group>"; };
		7EA0533B2B8E129A00E08319 /* NabungYukAppTests.xctest */ = {isa = PBXFileReference; explicitFileType = wrapper.cfbundle; includeInIndex = 0; path = NabungYukAppTests.xctest; sourceTree = BUILT_PRODUCTS_DIR; };
		7EA0533F2B8E129A00E08319 /* NabungYukAppTests.swift */ = {isa = PBXFileReference; lastKnownFileType = sourcecode.swift; path = NabungYukAppTests.swift; sourceTree = "<group>"; };
		7EA053452B8E129A00E08319 /* NabungYukAppUITests.xctest */ = {isa = PBXFileReference; explicitFileType = wrapper.cfbundle; includeInIndex = 0; path = NabungYukAppUITests.xctest; sourceTree = BUILT_PRODUCTS_DIR; };
		7EA053492B8E129A00E08319 /* NabungYukAppUITests.swift */ = {isa = PBXFileReference; lastKnownFileType = sourcecode.swift; path = NabungYukAppUITests.swift; sourceTree = "<group>"; };
		7EA0534B2B8E129A00E08319 /* NabungYukAppUITestsLaunchTests.swift */ = {isa = PBXFileReference; lastKnownFileType = sourcecode.swift; path = NabungYukAppUITestsLaunchTests.swift; sourceTree = "<group>"; };
		7EA0535A2B8E12E100E08319 /* OnboardingSingleView.swift */ = {isa = PBXFileReference; lastKnownFileType = sourcecode.swift; path = OnboardingSingleView.swift; sourceTree = "<group>"; };
		7EAD219C2B8E1FD000368DEA /* Onboarding.swift */ = {isa = PBXFileReference; lastKnownFileType = sourcecode.swift; path = Onboarding.swift; sourceTree = "<group>"; };
		7EAD219E2B8E258300368DEA /* OnboardingView.swift */ = {isa = PBXFileReference; lastKnownFileType = sourcecode.swift; path = OnboardingView.swift; sourceTree = "<group>"; };
		7EAD21A12B8E29B000368DEA /* CustomDotIndicator.swift */ = {isa = PBXFileReference; lastKnownFileType = sourcecode.swift; path = CustomDotIndicator.swift; sourceTree = "<group>"; };
		7ECBB95B2B94B65400ACE007 /* SavingDetailViews.swift */ = {isa = PBXFileReference; lastKnownFileType = sourcecode.swift; path = SavingDetailViews.swift; sourceTree = "<group>"; };
		7ECBB95D2B94BDA700ACE007 /* CircularProgressView.swift */ = {isa = PBXFileReference; lastKnownFileType = sourcecode.swift; path = CircularProgressView.swift; sourceTree = "<group>"; };
		7EDF59F22B9444A9002470C8 /* ModalDialog.swift */ = {isa = PBXFileReference; lastKnownFileType = sourcecode.swift; path = ModalDialog.swift; sourceTree = "<group>"; };
		7EF21C0B2B8EF90800609E44 /* SavingView.swift */ = {isa = PBXFileReference; lastKnownFileType = sourcecode.swift; path = SavingView.swift; sourceTree = "<group>"; };
		7EF21C0D2B8EFDC800609E44 /* SavingGoal.swift */ = {isa = PBXFileReference; lastKnownFileType = sourcecode.swift; path = SavingGoal.swift; sourceTree = "<group>"; };
		7EF21C0F2B8F02CE00609E44 /* SavingCard.swift */ = {isa = PBXFileReference; lastKnownFileType = sourcecode.swift; path = SavingCard.swift; sourceTree = "<group>"; };
/* End PBXFileReference section */

/* Begin PBXFrameworksBuildPhase section */
		7EA053282B8E129800E08319 /* Frameworks */ = {
			isa = PBXFrameworksBuildPhase;
			buildActionMask = 2147483647;
			files = (
			);
			runOnlyForDeploymentPostprocessing = 0;
		};
		7EA053382B8E129A00E08319 /* Frameworks */ = {
			isa = PBXFrameworksBuildPhase;
			buildActionMask = 2147483647;
			files = (
			);
			runOnlyForDeploymentPostprocessing = 0;
		};
		7EA053422B8E129A00E08319 /* Frameworks */ = {
			isa = PBXFrameworksBuildPhase;
			buildActionMask = 2147483647;
			files = (
			);
			runOnlyForDeploymentPostprocessing = 0;
		};
/* End PBXFrameworksBuildPhase section */

/* Begin PBXGroup section */
		7E37D3972B93788A0005236C /* LaunchScreen */ = {
			isa = PBXGroup;
			children = (
				7E37D3982B93789F0005236C /* LaunchScreen.storyboard */,
			);
			path = LaunchScreen;
			sourceTree = "<group>";
		};
		7E90D3832B906201004F0337 /* FormViews */ = {
			isa = PBXGroup;
			children = (
				7E90D3842B906210004F0337 /* FormView.swift */,
				7E90D3862B9065F5004F0337 /* NumbersOnlyViewModifier.swift */,
				7EDF59F22B9444A9002470C8 /* ModalDialog.swift */,
			);
			path = FormViews;
			sourceTree = "<group>";
		};
		7EA053222B8E129800E08319 = {
			isa = PBXGroup;
			children = (
				7EA0532D2B8E129800E08319 /* NabungYukApp */,
				7EA0533E2B8E129A00E08319 /* NabungYukAppTests */,
				7EA053482B8E129A00E08319 /* NabungYukAppUITests */,
				7EA0532C2B8E129800E08319 /* Products */,
			);
			sourceTree = "<group>";
		};
		7EA0532C2B8E129800E08319 /* Products */ = {
			isa = PBXGroup;
			children = (
				7EA0532B2B8E129800E08319 /* NabungYukApp.app */,
				7EA0533B2B8E129A00E08319 /* NabungYukAppTests.xctest */,
				7EA053452B8E129A00E08319 /* NabungYukAppUITests.xctest */,
			);
			name = Products;
			sourceTree = "<group>";
		};
		7EA0532D2B8E129800E08319 /* NabungYukApp */ = {
			isa = PBXGroup;
			children = (
				7EA053592B8E12BA00E08319 /* View */,
				7EA053582B8E12B400E08319 /* Model */,
				7EA0532E2B8E129800E08319 /* NabungYukAppApp.swift */,
				7EA053302B8E129800E08319 /* ContentView.swift */,
				7EA053322B8E129A00E08319 /* Assets.xcassets */,
				7EA053342B8E129A00E08319 /* Preview Content */,
			);
			path = NabungYukApp;
			sourceTree = "<group>";
		};
		7EA053342B8E129A00E08319 /* Preview Content */ = {
			isa = PBXGroup;
			children = (
				7EA053352B8E129A00E08319 /* Preview Assets.xcassets */,
			);
			path = "Preview Content";
			sourceTree = "<group>";
		};
		7EA0533E2B8E129A00E08319 /* NabungYukAppTests */ = {
			isa = PBXGroup;
			children = (
				7EA0533F2B8E129A00E08319 /* NabungYukAppTests.swift */,
			);
			path = NabungYukAppTests;
			sourceTree = "<group>";
		};
		7EA053482B8E129A00E08319 /* NabungYukAppUITests */ = {
			isa = PBXGroup;
			children = (
				7EA053492B8E129A00E08319 /* NabungYukAppUITests.swift */,
				7EA0534B2B8E129A00E08319 /* NabungYukAppUITestsLaunchTests.swift */,
			);
			path = NabungYukAppUITests;
			sourceTree = "<group>";
		};
		7EA053582B8E12B400E08319 /* Model */ = {
			isa = PBXGroup;
			children = (
				7EAD219C2B8E1FD000368DEA /* Onboarding.swift */,
				7EF21C0D2B8EFDC800609E44 /* SavingGoal.swift */,
			);
			path = Model;
			sourceTree = "<group>";
		};
		7EA053592B8E12BA00E08319 /* View */ = {
			isa = PBXGroup;
			children = (
				7ECBB95A2B94B28800ACE007 /* SavingDetailViews */,
				7E37D3972B93788A0005236C /* LaunchScreen */,
				7E90D3832B906201004F0337 /* FormViews */,
				7EAD21A32B8E2F2B00368DEA /* SavingViews */,
				7EAD21A02B8E298D00368DEA /* OnboardingViews */,
			);
			path = View;
			sourceTree = "<group>";
		};
		7EAD21A02B8E298D00368DEA /* OnboardingViews */ = {
			isa = PBXGroup;
			children = (
				7EA0535A2B8E12E100E08319 /* OnboardingSingleView.swift */,
				7EAD219E2B8E258300368DEA /* OnboardingView.swift */,
				7EAD21A12B8E29B000368DEA /* CustomDotIndicator.swift */,
			);
			path = OnboardingViews;
			sourceTree = "<group>";
		};
		7EAD21A32B8E2F2B00368DEA /* SavingViews */ = {
			isa = PBXGroup;
			children = (
				7EF21C0B2B8EF90800609E44 /* SavingView.swift */,
				7EF21C0F2B8F02CE00609E44 /* SavingCard.swift */,
			);
			path = SavingViews;
			sourceTree = "<group>";
		};
		7ECBB95A2B94B28800ACE007 /* SavingDetailViews */ = {
			isa = PBXGroup;
			children = (
				7ECBB95B2B94B65400ACE007 /* SavingDetailViews.swift */,
				7ECBB95D2B94BDA700ACE007 /* CircularProgressView.swift */,
			);
			path = SavingDetailViews;
			sourceTree = "<group>";
		};
/* End PBXGroup section */

/* Begin PBXNativeTarget section */
		7EA0532A2B8E129800E08319 /* NabungYukApp */ = {
			isa = PBXNativeTarget;
			buildConfigurationList = 7EA0534F2B8E129A00E08319 /* Build configuration list for PBXNativeTarget "NabungYukApp" */;
			buildPhases = (
				7EA053272B8E129800E08319 /* Sources */,
				7EA053282B8E129800E08319 /* Frameworks */,
				7EA053292B8E129800E08319 /* Resources */,
			);
			buildRules = (
			);
			dependencies = (
			);
			name = NabungYukApp;
			productName = NabungYukApp;
			productReference = 7EA0532B2B8E129800E08319 /* NabungYukApp.app */;
			productType = "com.apple.product-type.application";
		};
		7EA0533A2B8E129A00E08319 /* NabungYukAppTests */ = {
			isa = PBXNativeTarget;
			buildConfigurationList = 7EA053522B8E129A00E08319 /* Build configuration list for PBXNativeTarget "NabungYukAppTests" */;
			buildPhases = (
				7EA053372B8E129A00E08319 /* Sources */,
				7EA053382B8E129A00E08319 /* Frameworks */,
				7EA053392B8E129A00E08319 /* Resources */,
			);
			buildRules = (
			);
			dependencies = (
				7EA0533D2B8E129A00E08319 /* PBXTargetDependency */,
			);
			name = NabungYukAppTests;
			productName = NabungYukAppTests;
			productReference = 7EA0533B2B8E129A00E08319 /* NabungYukAppTests.xctest */;
			productType = "com.apple.product-type.bundle.unit-test";
		};
		7EA053442B8E129A00E08319 /* NabungYukAppUITests */ = {
			isa = PBXNativeTarget;
			buildConfigurationList = 7EA053552B8E129A00E08319 /* Build configuration list for PBXNativeTarget "NabungYukAppUITests" */;
			buildPhases = (
				7EA053412B8E129A00E08319 /* Sources */,
				7EA053422B8E129A00E08319 /* Frameworks */,
				7EA053432B8E129A00E08319 /* Resources */,
			);
			buildRules = (
			);
			dependencies = (
				7EA053472B8E129A00E08319 /* PBXTargetDependency */,
			);
			name = NabungYukAppUITests;
			productName = NabungYukAppUITests;
			productReference = 7EA053452B8E129A00E08319 /* NabungYukAppUITests.xctest */;
			productType = "com.apple.product-type.bundle.ui-testing";
		};
/* End PBXNativeTarget section */

/* Begin PBXProject section */
		7EA053232B8E129800E08319 /* Project object */ = {
			isa = PBXProject;
			attributes = {
				BuildIndependentTargetsInParallel = 1;
				LastSwiftUpdateCheck = 1500;
				LastUpgradeCheck = 1500;
				TargetAttributes = {
					7EA0532A2B8E129800E08319 = {
						CreatedOnToolsVersion = 15.0;
					};
					7EA0533A2B8E129A00E08319 = {
						CreatedOnToolsVersion = 15.0;
						TestTargetID = 7EA0532A2B8E129800E08319;
					};
					7EA053442B8E129A00E08319 = {
						CreatedOnToolsVersion = 15.0;
						TestTargetID = 7EA0532A2B8E129800E08319;
					};
				};
			};
			buildConfigurationList = 7EA053262B8E129800E08319 /* Build configuration list for PBXProject "NabungYukApp" */;
			compatibilityVersion = "Xcode 14.0";
			developmentRegion = en;
			hasScannedForEncodings = 0;
			knownRegions = (
				en,
				Base,
			);
			mainGroup = 7EA053222B8E129800E08319;
			productRefGroup = 7EA0532C2B8E129800E08319 /* Products */;
			projectDirPath = "";
			projectRoot = "";
			targets = (
				7EA0532A2B8E129800E08319 /* NabungYukApp */,
				7EA0533A2B8E129A00E08319 /* NabungYukAppTests */,
				7EA053442B8E129A00E08319 /* NabungYukAppUITests */,
			);
		};
/* End PBXProject section */

/* Begin PBXResourcesBuildPhase section */
		7EA053292B8E129800E08319 /* Resources */ = {
			isa = PBXResourcesBuildPhase;
			buildActionMask = 2147483647;
			files = (
				7E37D3992B93789F0005236C /* LaunchScreen.storyboard in Resources */,
				7EA053362B8E129A00E08319 /* Preview Assets.xcassets in Resources */,
				7EA053332B8E129A00E08319 /* Assets.xcassets in Resources */,
			);
			runOnlyForDeploymentPostprocessing = 0;
		};
		7EA053392B8E129A00E08319 /* Resources */ = {
			isa = PBXResourcesBuildPhase;
			buildActionMask = 2147483647;
			files = (
			);
			runOnlyForDeploymentPostprocessing = 0;
		};
		7EA053432B8E129A00E08319 /* Resources */ = {
			isa = PBXResourcesBuildPhase;
			buildActionMask = 2147483647;
			files = (
			);
			runOnlyForDeploymentPostprocessing = 0;
		};
/* End PBXResourcesBuildPhase section */

/* Begin PBXSourcesBuildPhase section */
		7EA053272B8E129800E08319 /* Sources */ = {
			isa = PBXSourcesBuildPhase;
			buildActionMask = 2147483647;
			files = (
				7EF21C0C2B8EF90800609E44 /* SavingView.swift in Sources */,
				7EA0535B2B8E12E200E08319 /* OnboardingSingleView.swift in Sources */,
				7E90D3852B906210004F0337 /* FormView.swift in Sources */,
				7EA053312B8E129800E08319 /* ContentView.swift in Sources */,
				7EAD21A22B8E29B000368DEA /* CustomDotIndicator.swift in Sources */,
				7EAD219D2B8E1FD000368DEA /* Onboarding.swift in Sources */,
				7EAD219F2B8E258300368DEA /* OnboardingView.swift in Sources */,
				7EF21C0E2B8EFDC800609E44 /* SavingGoal.swift in Sources */,
				7E90D3872B9065F5004F0337 /* NumbersOnlyViewModifier.swift in Sources */,
				7EDF59F32B9444A9002470C8 /* ModalDialog.swift in Sources */,
				7ECBB95E2B94BDA700ACE007 /* CircularProgressView.swift in Sources */,
				7ECBB95C2B94B65400ACE007 /* SavingDetailViews.swift in Sources */,
				7EA0532F2B8E129800E08319 /* NabungYukAppApp.swift in Sources */,
				7EF21C102B8F02CE00609E44 /* SavingCard.swift in Sources */,
			);
			runOnlyForDeploymentPostprocessing = 0;
		};
		7EA053372B8E129A00E08319 /* Sources */ = {
			isa = PBXSourcesBuildPhase;
			buildActionMask = 2147483647;
			files = (
				7EA053402B8E129A00E08319 /* NabungYukAppTests.swift in Sources */,
			);
			runOnlyForDeploymentPostprocessing = 0;
		};
		7EA053412B8E129A00E08319 /* Sources */ = {
			isa = PBXSourcesBuildPhase;
			buildActionMask = 2147483647;
			files = (
				7EA0534A2B8E129A00E08319 /* NabungYukAppUITests.swift in Sources */,
				7EA0534C2B8E129A00E08319 /* NabungYukAppUITestsLaunchTests.swift in Sources */,
			);
			runOnlyForDeploymentPostprocessing = 0;
		};
/* End PBXSourcesBuildPhase section */

/* Begin PBXTargetDependency section */
		7EA0533D2B8E129A00E08319 /* PBXTargetDependency */ = {
			isa = PBXTargetDependency;
			target = 7EA0532A2B8E129800E08319 /* NabungYukApp */;
			targetProxy = 7EA0533C2B8E129A00E08319 /* PBXContainerItemProxy */;
		};
		7EA053472B8E129A00E08319 /* PBXTargetDependency */ = {
			isa = PBXTargetDependency;
			target = 7EA0532A2B8E129800E08319 /* NabungYukApp */;
			targetProxy = 7EA053462B8E129A00E08319 /* PBXContainerItemProxy */;
		};
/* End PBXTargetDependency section */

/* Begin XCBuildConfiguration section */
		7EA0534D2B8E129A00E08319 /* Debug */ = {
			isa = XCBuildConfiguration;
			buildSettings = {
				ALWAYS_SEARCH_USER_PATHS = NO;
				ASSETCATALOG_COMPILER_GENERATE_SWIFT_ASSET_SYMBOL_EXTENSIONS = YES;
				CLANG_ANALYZER_NONNULL = YES;
				CLANG_ANALYZER_NUMBER_OBJECT_CONVERSION = YES_AGGRESSIVE;
				CLANG_CXX_LANGUAGE_STANDARD = "gnu++20";
				CLANG_ENABLE_MODULES = YES;
				CLANG_ENABLE_OBJC_ARC = YES;
				CLANG_ENABLE_OBJC_WEAK = YES;
				CLANG_WARN_BLOCK_CAPTURE_AUTORELEASING = YES;
				CLANG_WARN_BOOL_CONVERSION = YES;
				CLANG_WARN_COMMA = YES;
				CLANG_WARN_CONSTANT_CONVERSION = YES;
				CLANG_WARN_DEPRECATED_OBJC_IMPLEMENTATIONS = YES;
				CLANG_WARN_DIRECT_OBJC_ISA_USAGE = YES_ERROR;
				CLANG_WARN_DOCUMENTATION_COMMENTS = YES;
				CLANG_WARN_EMPTY_BODY = YES;
				CLANG_WARN_ENUM_CONVERSION = YES;
				CLANG_WARN_INFINITE_RECURSION = YES;
				CLANG_WARN_INT_CONVERSION = YES;
				CLANG_WARN_NON_LITERAL_NULL_CONVERSION = YES;
				CLANG_WARN_OBJC_IMPLICIT_RETAIN_SELF = YES;
				CLANG_WARN_OBJC_LITERAL_CONVERSION = YES;
				CLANG_WARN_OBJC_ROOT_CLASS = YES_ERROR;
				CLANG_WARN_QUOTED_INCLUDE_IN_FRAMEWORK_HEADER = YES;
				CLANG_WARN_RANGE_LOOP_ANALYSIS = YES;
				CLANG_WARN_STRICT_PROTOTYPES = YES;
				CLANG_WARN_SUSPICIOUS_MOVE = YES;
				CLANG_WARN_UNGUARDED_AVAILABILITY = YES_AGGRESSIVE;
				CLANG_WARN_UNREACHABLE_CODE = YES;
				CLANG_WARN__DUPLICATE_METHOD_MATCH = YES;
				COPY_PHASE_STRIP = NO;
				DEBUG_INFORMATION_FORMAT = dwarf;
				ENABLE_STRICT_OBJC_MSGSEND = YES;
				ENABLE_TESTABILITY = YES;
				ENABLE_USER_SCRIPT_SANDBOXING = YES;
				GCC_C_LANGUAGE_STANDARD = gnu17;
				GCC_DYNAMIC_NO_PIC = NO;
				GCC_NO_COMMON_BLOCKS = YES;
				GCC_OPTIMIZATION_LEVEL = 0;
				GCC_PREPROCESSOR_DEFINITIONS = (
					"DEBUG=1",
					"$(inherited)",
				);
				GCC_WARN_64_TO_32_BIT_CONVERSION = YES;
				GCC_WARN_ABOUT_RETURN_TYPE = YES_ERROR;
				GCC_WARN_UNDECLARED_SELECTOR = YES;
				GCC_WARN_UNINITIALIZED_AUTOS = YES_AGGRESSIVE;
				GCC_WARN_UNUSED_FUNCTION = YES;
				GCC_WARN_UNUSED_VARIABLE = YES;
				IPHONEOS_DEPLOYMENT_TARGET = 17.0;
				LOCALIZATION_PREFERS_STRING_CATALOGS = YES;
				MTL_ENABLE_DEBUG_INFO = INCLUDE_SOURCE;
				MTL_FAST_MATH = YES;
				ONLY_ACTIVE_ARCH = YES;
				SDKROOT = iphoneos;
				SWIFT_ACTIVE_COMPILATION_CONDITIONS = "DEBUG $(inherited)";
				SWIFT_OPTIMIZATION_LEVEL = "-Onone";
			};
			name = Debug;
		};
		7EA0534E2B8E129A00E08319 /* Release */ = {
			isa = XCBuildConfiguration;
			buildSettings = {
				ALWAYS_SEARCH_USER_PATHS = NO;
				ASSETCATALOG_COMPILER_GENERATE_SWIFT_ASSET_SYMBOL_EXTENSIONS = YES;
				CLANG_ANALYZER_NONNULL = YES;
				CLANG_ANALYZER_NUMBER_OBJECT_CONVERSION = YES_AGGRESSIVE;
				CLANG_CXX_LANGUAGE_STANDARD = "gnu++20";
				CLANG_ENABLE_MODULES = YES;
				CLANG_ENABLE_OBJC_ARC = YES;
				CLANG_ENABLE_OBJC_WEAK = YES;
				CLANG_WARN_BLOCK_CAPTURE_AUTORELEASING = YES;
				CLANG_WARN_BOOL_CONVERSION = YES;
				CLANG_WARN_COMMA = YES;
				CLANG_WARN_CONSTANT_CONVERSION = YES;
				CLANG_WARN_DEPRECATED_OBJC_IMPLEMENTATIONS = YES;
				CLANG_WARN_DIRECT_OBJC_ISA_USAGE = YES_ERROR;
				CLANG_WARN_DOCUMENTATION_COMMENTS = YES;
				CLANG_WARN_EMPTY_BODY = YES;
				CLANG_WARN_ENUM_CONVERSION = YES;
				CLANG_WARN_INFINITE_RECURSION = YES;
				CLANG_WARN_INT_CONVERSION = YES;
				CLANG_WARN_NON_LITERAL_NULL_CONVERSION = YES;
				CLANG_WARN_OBJC_IMPLICIT_RETAIN_SELF = YES;
				CLANG_WARN_OBJC_LITERAL_CONVERSION = YES;
				CLANG_WARN_OBJC_ROOT_CLASS = YES_ERROR;
				CLANG_WARN_QUOTED_INCLUDE_IN_FRAMEWORK_HEADER = YES;
				CLANG_WARN_RANGE_LOOP_ANALYSIS = YES;
				CLANG_WARN_STRICT_PROTOTYPES = YES;
				CLANG_WARN_SUSPICIOUS_MOVE = YES;
				CLANG_WARN_UNGUARDED_AVAILABILITY = YES_AGGRESSIVE;
				CLANG_WARN_UNREACHABLE_CODE = YES;
				CLANG_WARN__DUPLICATE_METHOD_MATCH = YES;
				COPY_PHASE_STRIP = NO;
				DEBUG_INFORMATION_FORMAT = "dwarf-with-dsym";
				ENABLE_NS_ASSERTIONS = NO;
				ENABLE_STRICT_OBJC_MSGSEND = YES;
				ENABLE_USER_SCRIPT_SANDBOXING = YES;
				GCC_C_LANGUAGE_STANDARD = gnu17;
				GCC_NO_COMMON_BLOCKS = YES;
				GCC_WARN_64_TO_32_BIT_CONVERSION = YES;
				GCC_WARN_ABOUT_RETURN_TYPE = YES_ERROR;
				GCC_WARN_UNDECLARED_SELECTOR = YES;
				GCC_WARN_UNINITIALIZED_AUTOS = YES_AGGRESSIVE;
				GCC_WARN_UNUSED_FUNCTION = YES;
				GCC_WARN_UNUSED_VARIABLE = YES;
				IPHONEOS_DEPLOYMENT_TARGET = 17.0;
				LOCALIZATION_PREFERS_STRING_CATALOGS = YES;
				MTL_ENABLE_DEBUG_INFO = NO;
				MTL_FAST_MATH = YES;
				SDKROOT = iphoneos;
				SWIFT_COMPILATION_MODE = wholemodule;
				VALIDATE_PRODUCT = YES;
			};
			name = Release;
		};
		7EA053502B8E129A00E08319 /* Debug */ = {
			isa = XCBuildConfiguration;
			buildSettings = {
				ASSETCATALOG_COMPILER_APPICON_NAME = AppIcon;
				ASSETCATALOG_COMPILER_GLOBAL_ACCENT_COLOR_NAME = AccentColor;
				CODE_SIGN_STYLE = Automatic;
				CURRENT_PROJECT_VERSION = 1;
				DEVELOPMENT_ASSET_PATHS = "\"NabungYukApp/Preview Content\"";
				DEVELOPMENT_TEAM = 5WL5AS853S;
				ENABLE_PREVIEWS = YES;
				GENERATE_INFOPLIST_FILE = YES;
				INFOPLIST_KEY_UIApplicationSceneManifest_Generation = YES;
				INFOPLIST_KEY_UIApplicationSupportsIndirectInputEvents = YES;
				INFOPLIST_KEY_UILaunchScreen_Generation = YES;
				INFOPLIST_KEY_UILaunchStoryboardName = LaunchScreen.storyboard;
				INFOPLIST_KEY_UISupportedInterfaceOrientations_iPad = "UIInterfaceOrientationPortrait UIInterfaceOrientationPortraitUpsideDown UIInterfaceOrientationLandscapeLeft UIInterfaceOrientationLandscapeRight";
				INFOPLIST_KEY_UISupportedInterfaceOrientations_iPhone = "UIInterfaceOrientationPortrait UIInterfaceOrientationLandscapeLeft UIInterfaceOrientationLandscapeRight";
				LD_RUNPATH_SEARCH_PATHS = (
					"$(inherited)",
					"@executable_path/Frameworks",
				);
				MARKETING_VERSION = 1.0;
				PRODUCT_BUNDLE_IDENTIFIER = JarsimDev.NabungYukApp;
				PRODUCT_NAME = "$(TARGET_NAME)";
				SWIFT_EMIT_LOC_STRINGS = YES;
				SWIFT_VERSION = 5.0;
				TARGETED_DEVICE_FAMILY = "1,2";
			};
			name = Debug;
		};
		7EA053512B8E129A00E08319 /* Release */ = {
			isa = XCBuildConfiguration;
			buildSettings = {
				ASSETCATALOG_COMPILER_APPICON_NAME = AppIcon;
				ASSETCATALOG_COMPILER_GLOBAL_ACCENT_COLOR_NAME = AccentColor;
				CODE_SIGN_STYLE = Automatic;
				CURRENT_PROJECT_VERSION = 1;
				DEVELOPMENT_ASSET_PATHS = "\"NabungYukApp/Preview Content\"";
				DEVELOPMENT_TEAM = 5WL5AS853S;
				ENABLE_PREVIEWS = YES;
				GENERATE_INFOPLIST_FILE = YES;
				INFOPLIST_KEY_UIApplicationSceneManifest_Generation = YES;
				INFOPLIST_KEY_UIApplicationSupportsIndirectInputEvents = YES;
				INFOPLIST_KEY_UILaunchScreen_Generation = YES;
				INFOPLIST_KEY_UILaunchStoryboardName = LaunchScreen.storyboard;
				INFOPLIST_KEY_UISupportedInterfaceOrientations_iPad = "UIInterfaceOrientationPortrait UIInterfaceOrientationPortraitUpsideDown UIInterfaceOrientationLandscapeLeft UIInterfaceOrientationLandscapeRight";
				INFOPLIST_KEY_UISupportedInterfaceOrientations_iPhone = "UIInterfaceOrientationPortrait UIInterfaceOrientationLandscapeLeft UIInterfaceOrientationLandscapeRight";
				LD_RUNPATH_SEARCH_PATHS = (
					"$(inherited)",
					"@executable_path/Frameworks",
				);
				MARKETING_VERSION = 1.0;
				PRODUCT_BUNDLE_IDENTIFIER = JarsimDev.NabungYukApp;
				PRODUCT_NAME = "$(TARGET_NAME)";
				SWIFT_EMIT_LOC_STRINGS = YES;
				SWIFT_VERSION = 5.0;
				TARGETED_DEVICE_FAMILY = "1,2";
			};
			name = Release;
		};
		7EA053532B8E129A00E08319 /* Debug */ = {
			isa = XCBuildConfiguration;
			buildSettings = {
				ALWAYS_EMBED_SWIFT_STANDARD_LIBRARIES = YES;
				BUNDLE_LOADER = "$(TEST_HOST)";
				CODE_SIGN_STYLE = Automatic;
				CURRENT_PROJECT_VERSION = 1;
				DEVELOPMENT_TEAM = 5WL5AS853S;
				GENERATE_INFOPLIST_FILE = YES;
				IPHONEOS_DEPLOYMENT_TARGET = 17.0;
				MARKETING_VERSION = 1.0;
				PRODUCT_BUNDLE_IDENTIFIER = JarsimDev.NabungYukAppTests;
				PRODUCT_NAME = "$(TARGET_NAME)";
				SWIFT_EMIT_LOC_STRINGS = NO;
				SWIFT_VERSION = 5.0;
				TARGETED_DEVICE_FAMILY = "1,2";
				TEST_HOST = "$(BUILT_PRODUCTS_DIR)/NabungYukApp.app/$(BUNDLE_EXECUTABLE_FOLDER_PATH)/NabungYukApp";
			};
			name = Debug;
		};
		7EA053542B8E129A00E08319 /* Release */ = {
			isa = XCBuildConfiguration;
			buildSettings = {
				ALWAYS_EMBED_SWIFT_STANDARD_LIBRARIES = YES;
				BUNDLE_LOADER = "$(TEST_HOST)";
				CODE_SIGN_STYLE = Automatic;
				CURRENT_PROJECT_VERSION = 1;
				DEVELOPMENT_TEAM = 5WL5AS853S;
				GENERATE_INFOPLIST_FILE = YES;
				IPHONEOS_DEPLOYMENT_TARGET = 17.0;
				MARKETING_VERSION = 1.0;
				PRODUCT_BUNDLE_IDENTIFIER = JarsimDev.NabungYukAppTests;
				PRODUCT_NAME = "$(TARGET_NAME)";
				SWIFT_EMIT_LOC_STRINGS = NO;
				SWIFT_VERSION = 5.0;
				TARGETED_DEVICE_FAMILY = "1,2";
				TEST_HOST = "$(BUILT_PRODUCTS_DIR)/NabungYukApp.app/$(BUNDLE_EXECUTABLE_FOLDER_PATH)/NabungYukApp";
			};
			name = Release;
		};
		7EA053562B8E129A00E08319 /* Debug */ = {
			isa = XCBuildConfiguration;
			buildSettings = {
				ALWAYS_EMBED_SWIFT_STANDARD_LIBRARIES = YES;
				CODE_SIGN_STYLE = Automatic;
				CURRENT_PROJECT_VERSION = 1;
				DEVELOPMENT_TEAM = 5WL5AS853S;
				GENERATE_INFOPLIST_FILE = YES;
				MARKETING_VERSION = 1.0;
				PRODUCT_BUNDLE_IDENTIFIER = JarsimDev.NabungYukAppUITests;
				PRODUCT_NAME = "$(TARGET_NAME)";
				SWIFT_EMIT_LOC_STRINGS = NO;
				SWIFT_VERSION = 5.0;
				TARGETED_DEVICE_FAMILY = "1,2";
				TEST_TARGET_NAME = NabungYukApp;
			};
			name = Debug;
		};
		7EA053572B8E129A00E08319 /* Release */ = {
			isa = XCBuildConfiguration;
			buildSettings = {
				ALWAYS_EMBED_SWIFT_STANDARD_LIBRARIES = YES;
				CODE_SIGN_STYLE = Automatic;
				CURRENT_PROJECT_VERSION = 1;
				DEVELOPMENT_TEAM = 5WL5AS853S;
				GENERATE_INFOPLIST_FILE = YES;
				MARKETING_VERSION = 1.0;
				PRODUCT_BUNDLE_IDENTIFIER = JarsimDev.NabungYukAppUITests;
				PRODUCT_NAME = "$(TARGET_NAME)";
				SWIFT_EMIT_LOC_STRINGS = NO;
				SWIFT_VERSION = 5.0;
				TARGETED_DEVICE_FAMILY = "1,2";
				TEST_TARGET_NAME = NabungYukApp;
			};
			name = Release;
		};
/* End XCBuildConfiguration section */

/* Begin XCConfigurationList section */
		7EA053262B8E129800E08319 /* Build configuration list for PBXProject "NabungYukApp" */ = {
			isa = XCConfigurationList;
			buildConfigurations = (
				7EA0534D2B8E129A00E08319 /* Debug */,
				7EA0534E2B8E129A00E08319 /* Release */,
			);
			defaultConfigurationIsVisible = 0;
			defaultConfigurationName = Release;
		};
		7EA0534F2B8E129A00E08319 /* Build configuration list for PBXNativeTarget "NabungYukApp" */ = {
			isa = XCConfigurationList;
			buildConfigurations = (
				7EA053502B8E129A00E08319 /* Debug */,
				7EA053512B8E129A00E08319 /* Release */,
			);
			defaultConfigurationIsVisible = 0;
			defaultConfigurationName = Release;
		};
		7EA053522B8E129A00E08319 /* Build configuration list for PBXNativeTarget "NabungYukAppTests" */ = {
			isa = XCConfigurationList;
			buildConfigurations = (
				7EA053532B8E129A00E08319 /* Debug */,
				7EA053542B8E129A00E08319 /* Release */,
			);
			defaultConfigurationIsVisible = 0;
			defaultConfigurationName = Release;
		};
		7EA053552B8E129A00E08319 /* Build configuration list for PBXNativeTarget "NabungYukAppUITests" */ = {
			isa = XCConfigurationList;
			buildConfigurations = (
				7EA053562B8E129A00E08319 /* Debug */,
				7EA053572B8E129A00E08319 /* Release */,
			);
			defaultConfigurationIsVisible = 0;
			defaultConfigurationName = Release;
		};
/* End XCConfigurationList section */
	};
	rootObject = 7EA053232B8E129800E08319 /* Project object */;
}
